
Microsoft Visual Studio Solution File, Format Version 12.00
# Visual Studio Version 16
VisualStudioVersion = 16.0.31624.102
MinimumVisualStudioVersion = 10.0.40219.1
Project("{FAE04EC0-301F-11D3-BF4B-00C04F79EFBC}") = "Step267_Casino_TwentyOneCardGame", "Step267_Casino_TwentyOneCardGame\Step267_Casino_TwentyOneCardGame.csproj", "{C701E90D-729A-46C6-A626-480FC67E2317}"
EndProject
Project("{FAE04EC0-301F-11D3-BF4B-00C04F79EFBC}") = "Step267_ClassesAndObjects_TwentyOneCardGame", "Step267_ClassesAndObjects_TwentyOneCardGame\Step267_ClassesAndObjects_TwentyOneCardGame.csproj", "{C8B01151-FB56-4F42-BEA9-EB11B4DFBAAC}"
EndProject
Global
	GlobalSection(SolutionConfigurationPlatforms) = preSolution
		Debug|Any CPU = Debug|Any CPU
		Release|Any CPU = Release|Any CPU
	EndGlobalSection
	GlobalSection(ProjectConfigurationPlatforms) = postSolution
		{C701E90D-729A-46C6-A626-480FC67E2317}.Debug|Any CPU.ActiveCfg = Debug|Any CPU
		{C701E90D-729A-46C6-A626-480FC67E2317}.Debug|Any CPU.Build.0 = Debug|Any CPU
		{C701E90D-729A-46C6-A626-480FC67E2317}.Release|Any CPU.ActiveCfg = Release|Any CPU
		{C701E90D-729A-46C6-A626-480FC67E2317}.Release|Any CPU.Build.0 = Release|Any CPU
		{C8B01151-FB56-4F42-BEA9-EB11B4DFBAAC}.Debug|Any CPU.ActiveCfg = Debug|Any CPU
		{C8B01151-FB56-4F42-BEA9-EB11B4DFBAAC}.Debug|Any CPU.Build.0 = Debug|Any CPU
		{C8B01151-FB56-4F42-BEA9-EB11B4DFBAAC}.Release|Any CPU.ActiveCfg = Release|Any CPU
		{C8B01151-FB56-4F42-BEA9-EB11B4DFBAAC}.Release|Any CPU.Build.0 = Release|Any CPU
	EndGlobalSection
	GlobalSection(SolutionProperties) = preSolution
		HideSolutionNode = FALSE
	EndGlobalSection
	GlobalSection(ExtensibilityGlobals) = postSolution
		SolutionGuid = {E27E4C88-9F6C-4053-9271-BECB2E2E1E3A}
	EndGlobalSection
EndGlobal
