
Microsoft Visual Studio Solution File, Format Version 12.00
# Visual Studio Version 16
VisualStudioVersion = 16.0.31624.102
MinimumVisualStudioVersion = 10.0.40219.1
Project("{FAE04EC0-301F-11D3-BF4B-00C04F79EFBC}") = "Step267_ClassesAndObjects(TwentyOneCardGame)", "Step267_ClassesAndObjects(TwentyOneCardGame)\Step267_ClassesAndObjects(TwentyOneCardGame).csproj", "{C8B01151-FB56-4F42-BEA9-EB11B4DFBAAC}"
EndProject
Project("{FAE04EC0-301F-11D3-BF4B-00C04F79EFBC}") = "Step313_OperatorsAssignment", "Step313_OperatorsAssignment\Step313_OperatorsAssignment.csproj", "{20608D61-E9CF-4FCA-8F73-1FB649A1055D}"
EndProject
Project("{FAE04EC0-301F-11D3-BF4B-00C04F79EFBC}") = "Step324_ParsingEnumsAssignment", "Step324_ParsingEnumsAssignment\Step324_ParsingEnumsAssignment.csproj", "{70F18DC8-521C-482B-A2AD-4BE1BB362A58}"
EndProject
Project("{FAE04EC0-301F-11D3-BF4B-00C04F79EFBC}") = "Step263_ConsoleAppStringsAndIntegersAssignment", "Step263_ConsoleAppStringsAndIntegersAssignment\Step263_ConsoleAppStringsAndIntegersAssignment.csproj", "{1E7E26DC-AC5B-4C5A-B34A-3F8216E5B60F}"
EndProject
Global
	GlobalSection(SolutionConfigurationPlatforms) = preSolution
		Debug|Any CPU = Debug|Any CPU
		Release|Any CPU = Release|Any CPU
	EndGlobalSection
	GlobalSection(ProjectConfigurationPlatforms) = postSolution
		{C8B01151-FB56-4F42-BEA9-EB11B4DFBAAC}.Debug|Any CPU.ActiveCfg = Debug|Any CPU
		{C8B01151-FB56-4F42-BEA9-EB11B4DFBAAC}.Debug|Any CPU.Build.0 = Debug|Any CPU
		{C8B01151-FB56-4F42-BEA9-EB11B4DFBAAC}.Release|Any CPU.ActiveCfg = Release|Any CPU
		{C8B01151-FB56-4F42-BEA9-EB11B4DFBAAC}.Release|Any CPU.Build.0 = Release|Any CPU
		{20608D61-E9CF-4FCA-8F73-1FB649A1055D}.Debug|Any CPU.ActiveCfg = Debug|Any CPU
		{20608D61-E9CF-4FCA-8F73-1FB649A1055D}.Debug|Any CPU.Build.0 = Debug|Any CPU
		{20608D61-E9CF-4FCA-8F73-1FB649A1055D}.Release|Any CPU.ActiveCfg = Release|Any CPU
		{20608D61-E9CF-4FCA-8F73-1FB649A1055D}.Release|Any CPU.Build.0 = Release|Any CPU
		{70F18DC8-521C-482B-A2AD-4BE1BB362A58}.Debug|Any CPU.ActiveCfg = Debug|Any CPU
		{70F18DC8-521C-482B-A2AD-4BE1BB362A58}.Debug|Any CPU.Build.0 = Debug|Any CPU
		{70F18DC8-521C-482B-A2AD-4BE1BB362A58}.Release|Any CPU.ActiveCfg = Release|Any CPU
		{70F18DC8-521C-482B-A2AD-4BE1BB362A58}.Release|Any CPU.Build.0 = Release|Any CPU
		{1E7E26DC-AC5B-4C5A-B34A-3F8216E5B60F}.Debug|Any CPU.ActiveCfg = Debug|Any CPU
		{1E7E26DC-AC5B-4C5A-B34A-3F8216E5B60F}.Debug|Any CPU.Build.0 = Debug|Any CPU
		{1E7E26DC-AC5B-4C5A-B34A-3F8216E5B60F}.Release|Any CPU.ActiveCfg = Release|Any CPU
		{1E7E26DC-AC5B-4C5A-B34A-3F8216E5B60F}.Release|Any CPU.Build.0 = Release|Any CPU
	EndGlobalSection
	GlobalSection(SolutionProperties) = preSolution
		HideSolutionNode = FALSE
	EndGlobalSection
	GlobalSection(ExtensibilityGlobals) = postSolution
		SolutionGuid = {E27E4C88-9F6C-4053-9271-BECB2E2E1E3A}
	EndGlobalSection
EndGlobal
