
Microsoft Visual Studio Solution File, Format Version 12.00
# Visual Studio Version 16
VisualStudioVersion = 16.0.31624.102
MinimumVisualStudioVersion = 10.0.40219.1
Project("{FAE04EC0-301F-11D3-BF4B-00C04F79EFBC}") = "Step267_ClassesAndObjects(TwentyOneCardGame)", "Step267_ClassesAndObjects(TwentyOneCardGame)\Step267_ClassesAndObjects(TwentyOneCardGame).csproj", "{C8B01151-FB56-4F42-BEA9-EB11B4DFBAAC}"
EndProject
Project("{FAE04EC0-301F-11D3-BF4B-00C04F79EFBC}") = "Step306_PolymorphismAssignment", "Step306_PolymorphismAssignment\Step306_PolymorphismAssignment.csproj", "{2608807F-68A6-4893-9B85-D67E2F9CF0EA}"
EndProject
Global
	GlobalSection(SolutionConfigurationPlatforms) = preSolution
		Debug|Any CPU = Debug|Any CPU
		Release|Any CPU = Release|Any CPU
	EndGlobalSection
	GlobalSection(ProjectConfigurationPlatforms) = postSolution
		{C8B01151-FB56-4F42-BEA9-EB11B4DFBAAC}.Debug|Any CPU.ActiveCfg = Debug|Any CPU
		{C8B01151-FB56-4F42-BEA9-EB11B4DFBAAC}.Debug|Any CPU.Build.0 = Debug|Any CPU
		{C8B01151-FB56-4F42-BEA9-EB11B4DFBAAC}.Release|Any CPU.ActiveCfg = Release|Any CPU
		{C8B01151-FB56-4F42-BEA9-EB11B4DFBAAC}.Release|Any CPU.Build.0 = Release|Any CPU
		{2608807F-68A6-4893-9B85-D67E2F9CF0EA}.Debug|Any CPU.ActiveCfg = Debug|Any CPU
		{2608807F-68A6-4893-9B85-D67E2F9CF0EA}.Debug|Any CPU.Build.0 = Debug|Any CPU
		{2608807F-68A6-4893-9B85-D67E2F9CF0EA}.Release|Any CPU.ActiveCfg = Release|Any CPU
		{2608807F-68A6-4893-9B85-D67E2F9CF0EA}.Release|Any CPU.Build.0 = Release|Any CPU
	EndGlobalSection
	GlobalSection(SolutionProperties) = preSolution
		HideSolutionNode = FALSE
	EndGlobalSection
	GlobalSection(ExtensibilityGlobals) = postSolution
		SolutionGuid = {E27E4C88-9F6C-4053-9271-BECB2E2E1E3A}
	EndGlobalSection
EndGlobal
